// !$*UTF8*$!
{
	archiveVersion = 1;
	classes = {
	};
	objectVersion = 51;
	objects = {

/* Begin PBXBuildFile section */
		75DFBD33DB988171DC864DA1 /* Pods_karros_videoTests.framework in Frameworks */ = {isa = PBXBuildFile; fileRef = 026C1D93D7FFED2EDDE88185 /* Pods_karros_videoTests.framework */; };
		78A3D4A7157657FB4BCB8E72 /* Pods_karros_video.framework in Frameworks */ = {isa = PBXBuildFile; fileRef = A88CFDD7D5409AF38865E087 /* Pods_karros_video.framework */; };
		A06078B4244E2A9500894E29 /* Credit.swift in Sources */ = {isa = PBXBuildFile; fileRef = A06078B3244E2A9500894E29 /* Credit.swift */; };
		A06078B6244E2AA400894E29 /* Model.swift in Sources */ = {isa = PBXBuildFile; fileRef = A06078B5244E2AA400894E29 /* Model.swift */; };
		A06078BC244E431B00894E29 /* MovieMasterListViewController.swift in Sources */ = {isa = PBXBuildFile; fileRef = A06078BB244E431B00894E29 /* MovieMasterListViewController.swift */; };
		A06078C0244E44A100894E29 /* ReccomendListViewController.swift in Sources */ = {isa = PBXBuildFile; fileRef = A06078BE244E44A100894E29 /* ReccomendListViewController.swift */; };
		A06078C1244E44A100894E29 /* RecommendListViewModel.swift in Sources */ = {isa = PBXBuildFile; fileRef = A06078BF244E44A100894E29 /* RecommendListViewModel.swift */; };
		A06078C4244EA0D200894E29 /* CommentsView.swift in Sources */ = {isa = PBXBuildFile; fileRef = A06078C3244EA0D200894E29 /* CommentsView.swift */; };
		A06078C6244EA13A00894E29 /* Review.swift in Sources */ = {isa = PBXBuildFile; fileRef = A06078C5244EA13A00894E29 /* Review.swift */; };
		A06078C8244EB16A00894E29 /* Scheduler.swift in Sources */ = {isa = PBXBuildFile; fileRef = A06078C7244EB16A00894E29 /* Scheduler.swift */; };
		A06D845B24483665007DD1AB /* AppDelegate.swift in Sources */ = {isa = PBXBuildFile; fileRef = A06D845A24483665007DD1AB /* AppDelegate.swift */; };
		A06D845D24483665007DD1AB /* SceneDelegate.swift in Sources */ = {isa = PBXBuildFile; fileRef = A06D845C24483665007DD1AB /* SceneDelegate.swift */; };
		A06D845F24483665007DD1AB /* ViewController.swift in Sources */ = {isa = PBXBuildFile; fileRef = A06D845E24483665007DD1AB /* ViewController.swift */; };
		A06D846424483667007DD1AB /* Assets.xcassets in Resources */ = {isa = PBXBuildFile; fileRef = A06D846324483667007DD1AB /* Assets.xcassets */; };
		A06D846724483667007DD1AB /* LaunchScreen.storyboard in Resources */ = {isa = PBXBuildFile; fileRef = A06D846524483667007DD1AB /* LaunchScreen.storyboard */; };
		A06D847224483667007DD1AB /* karros_videoTests.swift in Sources */ = {isa = PBXBuildFile; fileRef = A06D847124483667007DD1AB /* karros_videoTests.swift */; };
		A06D847D24483667007DD1AB /* karros_videoUITests.swift in Sources */ = {isa = PBXBuildFile; fileRef = A06D847C24483667007DD1AB /* karros_videoUITests.swift */; };
		A06D8496244836CD007DD1AB /* BaseCollectionViewController.swift in Sources */ = {isa = PBXBuildFile; fileRef = A06D848C244836CC007DD1AB /* BaseCollectionViewController.swift */; };
		A06D8497244836CD007DD1AB /* BaseViewController.swift in Sources */ = {isa = PBXBuildFile; fileRef = A06D848D244836CC007DD1AB /* BaseViewController.swift */; };
		A06D8498244836CD007DD1AB /* BaseCarouselViewController.swift in Sources */ = {isa = PBXBuildFile; fileRef = A06D848E244836CC007DD1AB /* BaseCarouselViewController.swift */; };
		A06D8499244836CD007DD1AB /* BaseTableViewController.swift in Sources */ = {isa = PBXBuildFile; fileRef = A06D848F244836CC007DD1AB /* BaseTableViewController.swift */; };
		A06D849A244836CD007DD1AB /* BaseViewModel.swift in Sources */ = {isa = PBXBuildFile; fileRef = A06D8490244836CC007DD1AB /* BaseViewModel.swift */; };
		A06D849B244836CD007DD1AB /* CellViewModel.swift in Sources */ = {isa = PBXBuildFile; fileRef = A06D8491244836CC007DD1AB /* CellViewModel.swift */; };
		A06D849C244836CD007DD1AB /* Protocols.swift in Sources */ = {isa = PBXBuildFile; fileRef = A06D8492244836CC007DD1AB /* Protocols.swift */; };
		A06D849D244836CD007DD1AB /* ListViewModel.swift in Sources */ = {isa = PBXBuildFile; fileRef = A06D8493244836CC007DD1AB /* ListViewModel.swift */; };
		A06D849E244836CD007DD1AB /* BaseTabBarViewController.swift in Sources */ = {isa = PBXBuildFile; fileRef = A06D8494244836CC007DD1AB /* BaseTabBarViewController.swift */; };
		A06D849F244836CD007DD1AB /* Navigator.swift in Sources */ = {isa = PBXBuildFile; fileRef = A06D8495244836CC007DD1AB /* Navigator.swift */; };
		A06D84A32448388A007DD1AB /* ArrayExtensions.swift in Sources */ = {isa = PBXBuildFile; fileRef = A06D84A22448388A007DD1AB /* ArrayExtensions.swift */; };
		A06D84AA2448390A007DD1AB /* MovieMasterListViewModel.swift in Sources */ = {isa = PBXBuildFile; fileRef = A06D84A92448390A007DD1AB /* MovieMasterListViewModel.swift */; };
		A06D84AC24483951007DD1AB /* MovieCell.swift in Sources */ = {isa = PBXBuildFile; fileRef = A06D84AB24483951007DD1AB /* MovieCell.swift */; };
		A06D84AF24483B36007DD1AB /* ServiceURL.swift in Sources */ = {isa = PBXBuildFile; fileRef = A06D84AE24483B36007DD1AB /* ServiceURL.swift */; };
		A06D84B124484D1C007DD1AB /* ImdbService.swift in Sources */ = {isa = PBXBuildFile; fileRef = A06D84B024484D1C007DD1AB /* ImdbService.swift */; };
		A06D84B4244852D7007DD1AB /* Movie.swift in Sources */ = {isa = PBXBuildFile; fileRef = A06D84B3244852D7007DD1AB /* Movie.swift */; };
		A06D84B624485C27007DD1AB /* CategoryCell.swift in Sources */ = {isa = PBXBuildFile; fileRef = A06D84B524485C27007DD1AB /* CategoryCell.swift */; };
		A06D84B924486178007DD1AB /* DependencyManager.swift in Sources */ = {isa = PBXBuildFile; fileRef = A06D84B824486177007DD1AB /* DependencyManager.swift */; };
		A06D84BB24486C20007DD1AB /* MovieCollectionListView.swift in Sources */ = {isa = PBXBuildFile; fileRef = A06D84BA24486C20007DD1AB /* MovieCollectionListView.swift */; };
		A06D84BD24487121007DD1AB /* UICollectionViewExtensions.swift in Sources */ = {isa = PBXBuildFile; fileRef = A06D84BC24487121007DD1AB /* UICollectionViewExtensions.swift */; };
		A06D84BF244873FC007DD1AB /* ImageService.swift in Sources */ = {isa = PBXBuildFile; fileRef = A06D84BE244873FC007DD1AB /* ImageService.swift */; };
		A06D84C12448759A007DD1AB /* RxOperationExtensions.swift in Sources */ = {isa = PBXBuildFile; fileRef = A06D84C02448759A007DD1AB /* RxOperationExtensions.swift */; };
		A06D84C32448B768007DD1AB /* Font.swift in Sources */ = {isa = PBXBuildFile; fileRef = A06D84C22448B768007DD1AB /* Font.swift */; };
		A0866649244B638B00D47629 /* MovieDetailViewController.swift in Sources */ = {isa = PBXBuildFile; fileRef = A0866648244B638B00D47629 /* MovieDetailViewController.swift */; };
		A086664B244B63A600D47629 /* MovieDetailViewModel.swift in Sources */ = {isa = PBXBuildFile; fileRef = A086664A244B63A600D47629 /* MovieDetailViewModel.swift */; };
		A086664E244B65FC00D47629 /* CastListViewController.swift in Sources */ = {isa = PBXBuildFile; fileRef = A086664D244B65FC00D47629 /* CastListViewController.swift */; };
		A0866650244B660600D47629 /* CastListViewModel.swift in Sources */ = {isa = PBXBuildFile; fileRef = A086664F244B660600D47629 /* CastListViewModel.swift */; };
		A0866652244B663000D47629 /* CastCell.swift in Sources */ = {isa = PBXBuildFile; fileRef = A0866651244B663000D47629 /* CastCell.swift */; };
		D60F070BE95406BBC5BB6724 /* Pods_karros_video_karros_videoUITests.framework in Frameworks */ = {isa = PBXBuildFile; fileRef = E705069328CC95939ED090D3 /* Pods_karros_video_karros_videoUITests.framework */; };
/* End PBXBuildFile section */

/* Begin PBXContainerItemProxy section */
		A06D846E24483667007DD1AB /* PBXContainerItemProxy */ = {
			isa = PBXContainerItemProxy;
			containerPortal = A06D844F24483665007DD1AB /* Project object */;
			proxyType = 1;
			remoteGlobalIDString = A06D845624483665007DD1AB;
			remoteInfo = "karros-video";
		};
		A06D847924483667007DD1AB /* PBXContainerItemProxy */ = {
			isa = PBXContainerItemProxy;
			containerPortal = A06D844F24483665007DD1AB /* Project object */;
			proxyType = 1;
			remoteGlobalIDString = A06D845624483665007DD1AB;
			remoteInfo = "karros-video";
		};
/* End PBXContainerItemProxy section */

/* Begin PBXFileReference section */
		026C1D93D7FFED2EDDE88185 /* Pods_karros_videoTests.framework */ = {isa = PBXFileReference; explicitFileType = wrapper.framework; includeInIndex = 0; path = Pods_karros_videoTests.framework; sourceTree = BUILT_PRODUCTS_DIR; };
		563D73315AAF7EC8B6254ABB /* Pods-karros-video-karros-videoUITests.release.xcconfig */ = {isa = PBXFileReference; includeInIndex = 1; lastKnownFileType = text.xcconfig; name = "Pods-karros-video-karros-videoUITests.release.xcconfig"; path = "Target Support Files/Pods-karros-video-karros-videoUITests/Pods-karros-video-karros-videoUITests.release.xcconfig"; sourceTree = "<group>"; };
		5A58678A15427E8733CE9F0A /* Pods-karros-video.debug.xcconfig */ = {isa = PBXFileReference; includeInIndex = 1; lastKnownFileType = text.xcconfig; name = "Pods-karros-video.debug.xcconfig"; path = "Target Support Files/Pods-karros-video/Pods-karros-video.debug.xcconfig"; sourceTree = "<group>"; };
		79A52C51C9BD7468F3B0D4A8 /* Pods-karros-videoTests.release.xcconfig */ = {isa = PBXFileReference; includeInIndex = 1; lastKnownFileType = text.xcconfig; name = "Pods-karros-videoTests.release.xcconfig"; path = "Target Support Files/Pods-karros-videoTests/Pods-karros-videoTests.release.xcconfig"; sourceTree = "<group>"; };
		7CD2E9D4C292A89749D65B7A /* Pods-karros-video.release.xcconfig */ = {isa = PBXFileReference; includeInIndex = 1; lastKnownFileType = text.xcconfig; name = "Pods-karros-video.release.xcconfig"; path = "Target Support Files/Pods-karros-video/Pods-karros-video.release.xcconfig"; sourceTree = "<group>"; };
		A06078B3244E2A9500894E29 /* Credit.swift */ = {isa = PBXFileReference; lastKnownFileType = sourcecode.swift; path = Credit.swift; sourceTree = "<group>"; };
		A06078B5244E2AA400894E29 /* Model.swift */ = {isa = PBXFileReference; lastKnownFileType = sourcecode.swift; path = Model.swift; sourceTree = "<group>"; };
		A06078BB244E431B00894E29 /* MovieMasterListViewController.swift */ = {isa = PBXFileReference; fileEncoding = 4; lastKnownFileType = sourcecode.swift; path = MovieMasterListViewController.swift; sourceTree = "<group>"; };
		A06078BE244E44A100894E29 /* ReccomendListViewController.swift */ = {isa = PBXFileReference; fileEncoding = 4; lastKnownFileType = sourcecode.swift; path = ReccomendListViewController.swift; sourceTree = "<group>"; };
		A06078BF244E44A100894E29 /* RecommendListViewModel.swift */ = {isa = PBXFileReference; fileEncoding = 4; lastKnownFileType = sourcecode.swift; path = RecommendListViewModel.swift; sourceTree = "<group>"; };
		A06078C3244EA0D200894E29 /* CommentsView.swift */ = {isa = PBXFileReference; lastKnownFileType = sourcecode.swift; path = CommentsView.swift; sourceTree = "<group>"; };
		A06078C5244EA13A00894E29 /* Review.swift */ = {isa = PBXFileReference; lastKnownFileType = sourcecode.swift; path = Review.swift; sourceTree = "<group>"; };
		A06078C7244EB16A00894E29 /* Scheduler.swift */ = {isa = PBXFileReference; lastKnownFileType = sourcecode.swift; path = Scheduler.swift; sourceTree = "<group>"; };
		A06D845724483665007DD1AB /* karros-video.app */ = {isa = PBXFileReference; explicitFileType = wrapper.application; includeInIndex = 0; path = "karros-video.app"; sourceTree = BUILT_PRODUCTS_DIR; };
		A06D845A24483665007DD1AB /* AppDelegate.swift */ = {isa = PBXFileReference; lastKnownFileType = sourcecode.swift; path = AppDelegate.swift; sourceTree = "<group>"; };
		A06D845C24483665007DD1AB /* SceneDelegate.swift */ = {isa = PBXFileReference; lastKnownFileType = sourcecode.swift; path = SceneDelegate.swift; sourceTree = "<group>"; };
		A06D845E24483665007DD1AB /* ViewController.swift */ = {isa = PBXFileReference; lastKnownFileType = sourcecode.swift; path = ViewController.swift; sourceTree = "<group>"; };
		A06D846324483667007DD1AB /* Assets.xcassets */ = {isa = PBXFileReference; lastKnownFileType = folder.assetcatalog; path = Assets.xcassets; sourceTree = "<group>"; };
		A06D846624483667007DD1AB /* Base */ = {isa = PBXFileReference; lastKnownFileType = file.storyboard; name = Base; path = Base.lproj/LaunchScreen.storyboard; sourceTree = "<group>"; };
		A06D846824483667007DD1AB /* Info.plist */ = {isa = PBXFileReference; lastKnownFileType = text.plist.xml; path = Info.plist; sourceTree = "<group>"; };
		A06D846D24483667007DD1AB /* karros-videoTests.xctest */ = {isa = PBXFileReference; explicitFileType = wrapper.cfbundle; includeInIndex = 0; path = "karros-videoTests.xctest"; sourceTree = BUILT_PRODUCTS_DIR; };
		A06D847124483667007DD1AB /* karros_videoTests.swift */ = {isa = PBXFileReference; lastKnownFileType = sourcecode.swift; path = karros_videoTests.swift; sourceTree = "<group>"; };
		A06D847324483667007DD1AB /* Info.plist */ = {isa = PBXFileReference; lastKnownFileType = text.plist.xml; path = Info.plist; sourceTree = "<group>"; };
		A06D847824483667007DD1AB /* karros-videoUITests.xctest */ = {isa = PBXFileReference; explicitFileType = wrapper.cfbundle; includeInIndex = 0; path = "karros-videoUITests.xctest"; sourceTree = BUILT_PRODUCTS_DIR; };
		A06D847C24483667007DD1AB /* karros_videoUITests.swift */ = {isa = PBXFileReference; lastKnownFileType = sourcecode.swift; path = karros_videoUITests.swift; sourceTree = "<group>"; };
		A06D847E24483667007DD1AB /* Info.plist */ = {isa = PBXFileReference; lastKnownFileType = text.plist.xml; path = Info.plist; sourceTree = "<group>"; };
		A06D848C244836CC007DD1AB /* BaseCollectionViewController.swift */ = {isa = PBXFileReference; fileEncoding = 4; lastKnownFileType = sourcecode.swift; path = BaseCollectionViewController.swift; sourceTree = "<group>"; };
		A06D848D244836CC007DD1AB /* BaseViewController.swift */ = {isa = PBXFileReference; fileEncoding = 4; lastKnownFileType = sourcecode.swift; path = BaseViewController.swift; sourceTree = "<group>"; };
		A06D848E244836CC007DD1AB /* BaseCarouselViewController.swift */ = {isa = PBXFileReference; fileEncoding = 4; lastKnownFileType = sourcecode.swift; path = BaseCarouselViewController.swift; sourceTree = "<group>"; };
		A06D848F244836CC007DD1AB /* BaseTableViewController.swift */ = {isa = PBXFileReference; fileEncoding = 4; lastKnownFileType = sourcecode.swift; path = BaseTableViewController.swift; sourceTree = "<group>"; };
		A06D8490244836CC007DD1AB /* BaseViewModel.swift */ = {isa = PBXFileReference; fileEncoding = 4; lastKnownFileType = sourcecode.swift; path = BaseViewModel.swift; sourceTree = "<group>"; };
		A06D8491244836CC007DD1AB /* CellViewModel.swift */ = {isa = PBXFileReference; fileEncoding = 4; lastKnownFileType = sourcecode.swift; path = CellViewModel.swift; sourceTree = "<group>"; };
		A06D8492244836CC007DD1AB /* Protocols.swift */ = {isa = PBXFileReference; fileEncoding = 4; lastKnownFileType = sourcecode.swift; path = Protocols.swift; sourceTree = "<group>"; };
		A06D8493244836CC007DD1AB /* ListViewModel.swift */ = {isa = PBXFileReference; fileEncoding = 4; lastKnownFileType = sourcecode.swift; path = ListViewModel.swift; sourceTree = "<group>"; };
		A06D8494244836CC007DD1AB /* BaseTabBarViewController.swift */ = {isa = PBXFileReference; fileEncoding = 4; lastKnownFileType = sourcecode.swift; path = BaseTabBarViewController.swift; sourceTree = "<group>"; };
		A06D8495244836CC007DD1AB /* Navigator.swift */ = {isa = PBXFileReference; fileEncoding = 4; lastKnownFileType = sourcecode.swift; path = Navigator.swift; sourceTree = "<group>"; };
		A06D84A22448388A007DD1AB /* ArrayExtensions.swift */ = {isa = PBXFileReference; lastKnownFileType = sourcecode.swift; path = ArrayExtensions.swift; sourceTree = "<group>"; };
		A06D84A92448390A007DD1AB /* MovieMasterListViewModel.swift */ = {isa = PBXFileReference; lastKnownFileType = sourcecode.swift; path = MovieMasterListViewModel.swift; sourceTree = "<group>"; };
		A06D84AB24483951007DD1AB /* MovieCell.swift */ = {isa = PBXFileReference; lastKnownFileType = sourcecode.swift; path = MovieCell.swift; sourceTree = "<group>"; };
		A06D84AE24483B36007DD1AB /* ServiceURL.swift */ = {isa = PBXFileReference; lastKnownFileType = sourcecode.swift; path = ServiceURL.swift; sourceTree = "<group>"; };
		A06D84B024484D1C007DD1AB /* ImdbService.swift */ = {isa = PBXFileReference; lastKnownFileType = sourcecode.swift; path = ImdbService.swift; sourceTree = "<group>"; };
		A06D84B3244852D7007DD1AB /* Movie.swift */ = {isa = PBXFileReference; lastKnownFileType = sourcecode.swift; path = Movie.swift; sourceTree = "<group>"; };
		A06D84B524485C27007DD1AB /* CategoryCell.swift */ = {isa = PBXFileReference; lastKnownFileType = sourcecode.swift; path = CategoryCell.swift; sourceTree = "<group>"; };
		A06D84B824486177007DD1AB /* DependencyManager.swift */ = {isa = PBXFileReference; fileEncoding = 4; lastKnownFileType = sourcecode.swift; path = DependencyManager.swift; sourceTree = "<group>"; };
		A06D84BA24486C20007DD1AB /* MovieCollectionListView.swift */ = {isa = PBXFileReference; lastKnownFileType = sourcecode.swift; path = MovieCollectionListView.swift; sourceTree = "<group>"; };
		A06D84BC24487121007DD1AB /* UICollectionViewExtensions.swift */ = {isa = PBXFileReference; lastKnownFileType = sourcecode.swift; path = UICollectionViewExtensions.swift; sourceTree = "<group>"; };
		A06D84BE244873FC007DD1AB /* ImageService.swift */ = {isa = PBXFileReference; lastKnownFileType = sourcecode.swift; path = ImageService.swift; sourceTree = "<group>"; };
		A06D84C02448759A007DD1AB /* RxOperationExtensions.swift */ = {isa = PBXFileReference; lastKnownFileType = sourcecode.swift; path = RxOperationExtensions.swift; sourceTree = "<group>"; };
		A06D84C22448B768007DD1AB /* Font.swift */ = {isa = PBXFileReference; lastKnownFileType = sourcecode.swift; path = Font.swift; sourceTree = "<group>"; };
		A0866648244B638B00D47629 /* MovieDetailViewController.swift */ = {isa = PBXFileReference; lastKnownFileType = sourcecode.swift; path = MovieDetailViewController.swift; sourceTree = "<group>"; };
		A086664A244B63A600D47629 /* MovieDetailViewModel.swift */ = {isa = PBXFileReference; lastKnownFileType = sourcecode.swift; path = MovieDetailViewModel.swift; sourceTree = "<group>"; };
		A086664D244B65FC00D47629 /* CastListViewController.swift */ = {isa = PBXFileReference; lastKnownFileType = sourcecode.swift; path = CastListViewController.swift; sourceTree = "<group>"; };
		A086664F244B660600D47629 /* CastListViewModel.swift */ = {isa = PBXFileReference; lastKnownFileType = sourcecode.swift; path = CastListViewModel.swift; sourceTree = "<group>"; };
		A0866651244B663000D47629 /* CastCell.swift */ = {isa = PBXFileReference; lastKnownFileType = sourcecode.swift; path = CastCell.swift; sourceTree = "<group>"; };
		A88CFDD7D5409AF38865E087 /* Pods_karros_video.framework */ = {isa = PBXFileReference; explicitFileType = wrapper.framework; includeInIndex = 0; path = Pods_karros_video.framework; sourceTree = BUILT_PRODUCTS_DIR; };
		D42380FE642CEC4A200F3BEB /* Pods-karros-video-karros-videoUITests.debug.xcconfig */ = {isa = PBXFileReference; includeInIndex = 1; lastKnownFileType = text.xcconfig; name = "Pods-karros-video-karros-videoUITests.debug.xcconfig"; path = "Target Support Files/Pods-karros-video-karros-videoUITests/Pods-karros-video-karros-videoUITests.debug.xcconfig"; sourceTree = "<group>"; };
		E0CBBE9D7D94C77757507BCB /* Pods-karros-videoTests.debug.xcconfig */ = {isa = PBXFileReference; includeInIndex = 1; lastKnownFileType = text.xcconfig; name = "Pods-karros-videoTests.debug.xcconfig"; path = "Target Support Files/Pods-karros-videoTests/Pods-karros-videoTests.debug.xcconfig"; sourceTree = "<group>"; };
		E705069328CC95939ED090D3 /* Pods_karros_video_karros_videoUITests.framework */ = {isa = PBXFileReference; explicitFileType = wrapper.framework; includeInIndex = 0; path = Pods_karros_video_karros_videoUITests.framework; sourceTree = BUILT_PRODUCTS_DIR; };
/* End PBXFileReference section */

/* Begin PBXFrameworksBuildPhase section */
		A06D845424483665007DD1AB /* Frameworks */ = {
			isa = PBXFrameworksBuildPhase;
			buildActionMask = 2147483647;
			files = (
				78A3D4A7157657FB4BCB8E72 /* Pods_karros_video.framework in Frameworks */,
			);
			runOnlyForDeploymentPostprocessing = 0;
		};
		A06D846A24483667007DD1AB /* Frameworks */ = {
			isa = PBXFrameworksBuildPhase;
			buildActionMask = 2147483647;
			files = (
				75DFBD33DB988171DC864DA1 /* Pods_karros_videoTests.framework in Frameworks */,
			);
			runOnlyForDeploymentPostprocessing = 0;
		};
		A06D847524483667007DD1AB /* Frameworks */ = {
			isa = PBXFrameworksBuildPhase;
			buildActionMask = 2147483647;
			files = (
				D60F070BE95406BBC5BB6724 /* Pods_karros_video_karros_videoUITests.framework in Frameworks */,
			);
			runOnlyForDeploymentPostprocessing = 0;
		};
/* End PBXFrameworksBuildPhase section */

/* Begin PBXGroup section */
		34F61C3F7A129ABF0888CB1E /* Frameworks */ = {
			isa = PBXGroup;
			children = (
				A88CFDD7D5409AF38865E087 /* Pods_karros_video.framework */,
				E705069328CC95939ED090D3 /* Pods_karros_video_karros_videoUITests.framework */,
				026C1D93D7FFED2EDDE88185 /* Pods_karros_videoTests.framework */,
			);
			name = Frameworks;
			sourceTree = "<group>";
		};
		43F03DE7E4B40D7AA4FF1A2D /* Pods */ = {
			isa = PBXGroup;
			children = (
				5A58678A15427E8733CE9F0A /* Pods-karros-video.debug.xcconfig */,
				7CD2E9D4C292A89749D65B7A /* Pods-karros-video.release.xcconfig */,
				D42380FE642CEC4A200F3BEB /* Pods-karros-video-karros-videoUITests.debug.xcconfig */,
				563D73315AAF7EC8B6254ABB /* Pods-karros-video-karros-videoUITests.release.xcconfig */,
				E0CBBE9D7D94C77757507BCB /* Pods-karros-videoTests.debug.xcconfig */,
				79A52C51C9BD7468F3B0D4A8 /* Pods-karros-videoTests.release.xcconfig */,
			);
			path = Pods;
			sourceTree = "<group>";
		};
		A06078BD244E447100894E29 /* RecommendMovieList */ = {
			isa = PBXGroup;
			children = (
				A06078BE244E44A100894E29 /* ReccomendListViewController.swift */,
				A06078BF244E44A100894E29 /* RecommendListViewModel.swift */,
			);
			path = RecommendMovieList;
			sourceTree = "<group>";
		};
		A06078C2244EA0B500894E29 /* CommentsView */ = {
			isa = PBXGroup;
			children = (
				A06078C3244EA0D200894E29 /* CommentsView.swift */,
			);
			path = CommentsView;
			sourceTree = "<group>";
		};
		A06D844E24483665007DD1AB = {
			isa = PBXGroup;
			children = (
				A06D845924483665007DD1AB /* karros-video */,
				A06D847024483667007DD1AB /* karros-videoTests */,
				A06D847B24483667007DD1AB /* karros-videoUITests */,
				A06D845824483665007DD1AB /* Products */,
				43F03DE7E4B40D7AA4FF1A2D /* Pods */,
				34F61C3F7A129ABF0888CB1E /* Frameworks */,
			);
			sourceTree = "<group>";
		};
		A06D845824483665007DD1AB /* Products */ = {
			isa = PBXGroup;
			children = (
				A06D845724483665007DD1AB /* karros-video.app */,
				A06D846D24483667007DD1AB /* karros-videoTests.xctest */,
				A06D847824483667007DD1AB /* karros-videoUITests.xctest */,
			);
			name = Products;
			sourceTree = "<group>";
		};
		A06D845924483665007DD1AB /* karros-video */ = {
			isa = PBXGroup;
			children = (
				A06D846524483667007DD1AB /* LaunchScreen.storyboard */,
				A06D845A24483665007DD1AB /* AppDelegate.swift */,
				A06D845C24483665007DD1AB /* SceneDelegate.swift */,
				A06D845E24483665007DD1AB /* ViewController.swift */,
				A06D84A0244836EB007DD1AB /* Resources */,
				A06D848A244836CC007DD1AB /* Source */,
				A06D846824483667007DD1AB /* Info.plist */,
			);
			path = "karros-video";
			sourceTree = "<group>";
		};
		A06D847024483667007DD1AB /* karros-videoTests */ = {
			isa = PBXGroup;
			children = (
				A06D847124483667007DD1AB /* karros_videoTests.swift */,
				A06D847324483667007DD1AB /* Info.plist */,
			);
			path = "karros-videoTests";
			sourceTree = "<group>";
		};
		A06D847B24483667007DD1AB /* karros-videoUITests */ = {
			isa = PBXGroup;
			children = (
				A06D847C24483667007DD1AB /* karros_videoUITests.swift */,
				A06D847E24483667007DD1AB /* Info.plist */,
			);
			path = "karros-videoUITests";
			sourceTree = "<group>";
		};
		A06D848A244836CC007DD1AB /* Source */ = {
			isa = PBXGroup;
			children = (
				A06D84B72448616D007DD1AB /* Utility */,
				A06D84B2244852CC007DD1AB /* Entity */,
				A06D84AD24483B28007DD1AB /* Service */,
				A06D84A4244838CB007DD1AB /* Module */,
				A06D84A12448387B007DD1AB /* Extensions */,
				A06D848B244836CC007DD1AB /* Base */,
			);
			path = Source;
			sourceTree = "<group>";
		};
		A06D848B244836CC007DD1AB /* Base */ = {
			isa = PBXGroup;
			children = (
				A06D848C244836CC007DD1AB /* BaseCollectionViewController.swift */,
				A06D848D244836CC007DD1AB /* BaseViewController.swift */,
				A06D848E244836CC007DD1AB /* BaseCarouselViewController.swift */,
				A06D848F244836CC007DD1AB /* BaseTableViewController.swift */,
				A06D8490244836CC007DD1AB /* BaseViewModel.swift */,
				A06D8491244836CC007DD1AB /* CellViewModel.swift */,
				A06D8492244836CC007DD1AB /* Protocols.swift */,
				A06D8493244836CC007DD1AB /* ListViewModel.swift */,
				A06D8494244836CC007DD1AB /* BaseTabBarViewController.swift */,
				A06D8495244836CC007DD1AB /* Navigator.swift */,
			);
			path = Base;
			sourceTree = "<group>";
		};
		A06D84A0244836EB007DD1AB /* Resources */ = {
			isa = PBXGroup;
			children = (
				A06D846324483667007DD1AB /* Assets.xcassets */,
			);
			path = Resources;
			sourceTree = "<group>";
		};
		A06D84A12448387B007DD1AB /* Extensions */ = {
			isa = PBXGroup;
			children = (
				A06D84A22448388A007DD1AB /* ArrayExtensions.swift */,
				A06D84BC24487121007DD1AB /* UICollectionViewExtensions.swift */,
				A06D84C02448759A007DD1AB /* RxOperationExtensions.swift */,
			);
			path = Extensions;
			sourceTree = "<group>";
		};
		A06D84A4244838CB007DD1AB /* Module */ = {
			isa = PBXGroup;
			children = (
				A06078C2244EA0B500894E29 /* CommentsView */,
				A06078BD244E447100894E29 /* RecommendMovieList */,
				A086664C244B65DF00D47629 /* CastList */,
				A06D84A6244838E8007DD1AB /* MovieDetail */,
				A06D84A5244838D6007DD1AB /* MovieList */,
			);
			path = Module;
			sourceTree = "<group>";
		};
		A06D84A5244838D6007DD1AB /* MovieList */ = {
			isa = PBXGroup;
			children = (
				A06078BB244E431B00894E29 /* MovieMasterListViewController.swift */,
				A06D84A92448390A007DD1AB /* MovieMasterListViewModel.swift */,
				A06D84B524485C27007DD1AB /* CategoryCell.swift */,
				A06D84BA24486C20007DD1AB /* MovieCollectionListView.swift */,
				A06D84AB24483951007DD1AB /* MovieCell.swift */,
			);
			path = MovieList;
			sourceTree = "<group>";
		};
		A06D84A6244838E8007DD1AB /* MovieDetail */ = {
			isa = PBXGroup;
			children = (
				A0866648244B638B00D47629 /* MovieDetailViewController.swift */,
				A086664A244B63A600D47629 /* MovieDetailViewModel.swift */,
			);
			path = MovieDetail;
			sourceTree = "<group>";
		};
		A06D84AD24483B28007DD1AB /* Service */ = {
			isa = PBXGroup;
			children = (
				A06D84AE24483B36007DD1AB /* ServiceURL.swift */,
				A06D84B024484D1C007DD1AB /* ImdbService.swift */,
				A06D84BE244873FC007DD1AB /* ImageService.swift */,
			);
			path = Service;
			sourceTree = "<group>";
		};
		A06D84B2244852CC007DD1AB /* Entity */ = {
			isa = PBXGroup;
			children = (
				A06D84B3244852D7007DD1AB /* Movie.swift */,
				A06078B3244E2A9500894E29 /* Credit.swift */,
				A06078B5244E2AA400894E29 /* Model.swift */,
				A06078C5244EA13A00894E29 /* Review.swift */,
			);
			path = Entity;
			sourceTree = "<group>";
		};
		A06D84B72448616D007DD1AB /* Utility */ = {
			isa = PBXGroup;
			children = (
				A06D84C22448B768007DD1AB /* Font.swift */,
				A06D84B824486177007DD1AB /* DependencyManager.swift */,
				A06078C7244EB16A00894E29 /* Scheduler.swift */,
			);
			path = Utility;
			sourceTree = "<group>";
		};
		A086664C244B65DF00D47629 /* CastList */ = {
			isa = PBXGroup;
			children = (
				A086664D244B65FC00D47629 /* CastListViewController.swift */,
				A086664F244B660600D47629 /* CastListViewModel.swift */,
				A0866651244B663000D47629 /* CastCell.swift */,
			);
			path = CastList;
			sourceTree = "<group>";
		};
/* End PBXGroup section */

/* Begin PBXNativeTarget section */
		A06D845624483665007DD1AB /* karros-video */ = {
			isa = PBXNativeTarget;
			buildConfigurationList = A06D848124483667007DD1AB /* Build configuration list for PBXNativeTarget "karros-video" */;
			buildPhases = (
				DC1A79D64F3FBD3DBC5C5C95 /* [CP] Check Pods Manifest.lock */,
				A06D845324483665007DD1AB /* Sources */,
				A06D845424483665007DD1AB /* Frameworks */,
				A06D845524483665007DD1AB /* Resources */,
				04DA0F90E0F4C287CCC8F875 /* [CP] Embed Pods Frameworks */,
			);
			buildRules = (
			);
			dependencies = (
			);
			name = "karros-video";
			productName = "karros-video";
			productReference = A06D845724483665007DD1AB /* karros-video.app */;
			productType = "com.apple.product-type.application";
		};
		A06D846C24483667007DD1AB /* karros-videoTests */ = {
			isa = PBXNativeTarget;
			buildConfigurationList = A06D848424483667007DD1AB /* Build configuration list for PBXNativeTarget "karros-videoTests" */;
			buildPhases = (
				A276E133EF22FB4322EB65B5 /* [CP] Check Pods Manifest.lock */,
				A06D846924483667007DD1AB /* Sources */,
				A06D846A24483667007DD1AB /* Frameworks */,
				A06D846B24483667007DD1AB /* Resources */,
			);
			buildRules = (
			);
			dependencies = (
				A06D846F24483667007DD1AB /* PBXTargetDependency */,
			);
			name = "karros-videoTests";
			productName = "karros-videoTests";
			productReference = A06D846D24483667007DD1AB /* karros-videoTests.xctest */;
			productType = "com.apple.product-type.bundle.unit-test";
		};
		A06D847724483667007DD1AB /* karros-videoUITests */ = {
			isa = PBXNativeTarget;
			buildConfigurationList = A06D848724483667007DD1AB /* Build configuration list for PBXNativeTarget "karros-videoUITests" */;
			buildPhases = (
				02A16B609CA5A34CEF0A6927 /* [CP] Check Pods Manifest.lock */,
				A06D847424483667007DD1AB /* Sources */,
				A06D847524483667007DD1AB /* Frameworks */,
				A06D847624483667007DD1AB /* Resources */,
				6A7039943E005C2386DD93ED /* [CP] Embed Pods Frameworks */,
			);
			buildRules = (
			);
			dependencies = (
				A06D847A24483667007DD1AB /* PBXTargetDependency */,
			);
			name = "karros-videoUITests";
			productName = "karros-videoUITests";
			productReference = A06D847824483667007DD1AB /* karros-videoUITests.xctest */;
			productType = "com.apple.product-type.bundle.ui-testing";
		};
/* End PBXNativeTarget section */

/* Begin PBXProject section */
		A06D844F24483665007DD1AB /* Project object */ = {
			isa = PBXProject;
			attributes = {
				LastSwiftUpdateCheck = 1130;
				LastUpgradeCheck = 1130;
				ORGANIZATIONNAME = "Hoang Lu";
				TargetAttributes = {
					A06D845624483665007DD1AB = {
						CreatedOnToolsVersion = 11.3.1;
					};
					A06D846C24483667007DD1AB = {
						CreatedOnToolsVersion = 11.3.1;
						TestTargetID = A06D845624483665007DD1AB;
					};
					A06D847724483667007DD1AB = {
						CreatedOnToolsVersion = 11.3.1;
						TestTargetID = A06D845624483665007DD1AB;
					};
				};
			};
			buildConfigurationList = A06D845224483665007DD1AB /* Build configuration list for PBXProject "karros-video" */;
			compatibilityVersion = "Xcode 9.3";
			developmentRegion = en;
			hasScannedForEncodings = 0;
			knownRegions = (
				en,
				Base,
			);
			mainGroup = A06D844E24483665007DD1AB;
			productRefGroup = A06D845824483665007DD1AB /* Products */;
			projectDirPath = "";
			projectRoot = "";
			targets = (
				A06D845624483665007DD1AB /* karros-video */,
				A06D846C24483667007DD1AB /* karros-videoTests */,
				A06D847724483667007DD1AB /* karros-videoUITests */,
			);
		};
/* End PBXProject section */

/* Begin PBXResourcesBuildPhase section */
		A06D845524483665007DD1AB /* Resources */ = {
			isa = PBXResourcesBuildPhase;
			buildActionMask = 2147483647;
			files = (
				A06D846724483667007DD1AB /* LaunchScreen.storyboard in Resources */,
				A06D846424483667007DD1AB /* Assets.xcassets in Resources */,
			);
			runOnlyForDeploymentPostprocessing = 0;
		};
		A06D846B24483667007DD1AB /* Resources */ = {
			isa = PBXResourcesBuildPhase;
			buildActionMask = 2147483647;
			files = (
			);
			runOnlyForDeploymentPostprocessing = 0;
		};
		A06D847624483667007DD1AB /* Resources */ = {
			isa = PBXResourcesBuildPhase;
			buildActionMask = 2147483647;
			files = (
			);
			runOnlyForDeploymentPostprocessing = 0;
		};
/* End PBXResourcesBuildPhase section */

/* Begin PBXShellScriptBuildPhase section */
		02A16B609CA5A34CEF0A6927 /* [CP] Check Pods Manifest.lock */ = {
			isa = PBXShellScriptBuildPhase;
			buildActionMask = 2147483647;
			files = (
			);
			inputFileListPaths = (
			);
			inputPaths = (
				"${PODS_PODFILE_DIR_PATH}/Podfile.lock",
				"${PODS_ROOT}/Manifest.lock",
			);
			name = "[CP] Check Pods Manifest.lock";
			outputFileListPaths = (
			);
			outputPaths = (
				"$(DERIVED_FILE_DIR)/Pods-karros-video-karros-videoUITests-checkManifestLockResult.txt",
			);
			runOnlyForDeploymentPostprocessing = 0;
			shellPath = /bin/sh;
			shellScript = "diff \"${PODS_PODFILE_DIR_PATH}/Podfile.lock\" \"${PODS_ROOT}/Manifest.lock\" > /dev/null\nif [ $? != 0 ] ; then\n    # print error to STDERR\n    echo \"error: The sandbox is not in sync with the Podfile.lock. Run 'pod install' or update your CocoaPods installation.\" >&2\n    exit 1\nfi\n# This output is used by Xcode 'outputs' to avoid re-running this script phase.\necho \"SUCCESS\" > \"${SCRIPT_OUTPUT_FILE_0}\"\n";
			showEnvVarsInLog = 0;
		};
		04DA0F90E0F4C287CCC8F875 /* [CP] Embed Pods Frameworks */ = {
			isa = PBXShellScriptBuildPhase;
			buildActionMask = 2147483647;
			files = (
			);
			inputFileListPaths = (
				"${PODS_ROOT}/Target Support Files/Pods-karros-video/Pods-karros-video-frameworks-${CONFIGURATION}-input-files.xcfilelist",
			);
			name = "[CP] Embed Pods Frameworks";
			outputFileListPaths = (
				"${PODS_ROOT}/Target Support Files/Pods-karros-video/Pods-karros-video-frameworks-${CONFIGURATION}-output-files.xcfilelist",
			);
			runOnlyForDeploymentPostprocessing = 0;
			shellPath = /bin/sh;
			shellScript = "\"${PODS_ROOT}/Target Support Files/Pods-karros-video/Pods-karros-video-frameworks.sh\"\n";
			showEnvVarsInLog = 0;
		};
		6A7039943E005C2386DD93ED /* [CP] Embed Pods Frameworks */ = {
			isa = PBXShellScriptBuildPhase;
			buildActionMask = 2147483647;
			files = (
			);
			inputFileListPaths = (
				"${PODS_ROOT}/Target Support Files/Pods-karros-video-karros-videoUITests/Pods-karros-video-karros-videoUITests-frameworks-${CONFIGURATION}-input-files.xcfilelist",
			);
			name = "[CP] Embed Pods Frameworks";
			outputFileListPaths = (
				"${PODS_ROOT}/Target Support Files/Pods-karros-video-karros-videoUITests/Pods-karros-video-karros-videoUITests-frameworks-${CONFIGURATION}-output-files.xcfilelist",
			);
			runOnlyForDeploymentPostprocessing = 0;
			shellPath = /bin/sh;
			shellScript = "\"${PODS_ROOT}/Target Support Files/Pods-karros-video-karros-videoUITests/Pods-karros-video-karros-videoUITests-frameworks.sh\"\n";
			showEnvVarsInLog = 0;
		};
		A276E133EF22FB4322EB65B5 /* [CP] Check Pods Manifest.lock */ = {
			isa = PBXShellScriptBuildPhase;
			buildActionMask = 2147483647;
			files = (
			);
			inputFileListPaths = (
			);
			inputPaths = (
				"${PODS_PODFILE_DIR_PATH}/Podfile.lock",
				"${PODS_ROOT}/Manifest.lock",
			);
			name = "[CP] Check Pods Manifest.lock";
			outputFileListPaths = (
			);
			outputPaths = (
				"$(DERIVED_FILE_DIR)/Pods-karros-videoTests-checkManifestLockResult.txt",
			);
			runOnlyForDeploymentPostprocessing = 0;
			shellPath = /bin/sh;
			shellScript = "diff \"${PODS_PODFILE_DIR_PATH}/Podfile.lock\" \"${PODS_ROOT}/Manifest.lock\" > /dev/null\nif [ $? != 0 ] ; then\n    # print error to STDERR\n    echo \"error: The sandbox is not in sync with the Podfile.lock. Run 'pod install' or update your CocoaPods installation.\" >&2\n    exit 1\nfi\n# This output is used by Xcode 'outputs' to avoid re-running this script phase.\necho \"SUCCESS\" > \"${SCRIPT_OUTPUT_FILE_0}\"\n";
			showEnvVarsInLog = 0;
		};
		DC1A79D64F3FBD3DBC5C5C95 /* [CP] Check Pods Manifest.lock */ = {
			isa = PBXShellScriptBuildPhase;
			buildActionMask = 2147483647;
			files = (
			);
			inputFileListPaths = (
			);
			inputPaths = (
				"${PODS_PODFILE_DIR_PATH}/Podfile.lock",
				"${PODS_ROOT}/Manifest.lock",
			);
			name = "[CP] Check Pods Manifest.lock";
			outputFileListPaths = (
			);
			outputPaths = (
				"$(DERIVED_FILE_DIR)/Pods-karros-video-checkManifestLockResult.txt",
			);
			runOnlyForDeploymentPostprocessing = 0;
			shellPath = /bin/sh;
			shellScript = "diff \"${PODS_PODFILE_DIR_PATH}/Podfile.lock\" \"${PODS_ROOT}/Manifest.lock\" > /dev/null\nif [ $? != 0 ] ; then\n    # print error to STDERR\n    echo \"error: The sandbox is not in sync with the Podfile.lock. Run 'pod install' or update your CocoaPods installation.\" >&2\n    exit 1\nfi\n# This output is used by Xcode 'outputs' to avoid re-running this script phase.\necho \"SUCCESS\" > \"${SCRIPT_OUTPUT_FILE_0}\"\n";
			showEnvVarsInLog = 0;
		};
/* End PBXShellScriptBuildPhase section */

/* Begin PBXSourcesBuildPhase section */
		A06D845324483665007DD1AB /* Sources */ = {
			isa = PBXSourcesBuildPhase;
			buildActionMask = 2147483647;
			files = (
				A06078C8244EB16A00894E29 /* Scheduler.swift in Sources */,
				A06D8497244836CD007DD1AB /* BaseViewController.swift in Sources */,
				A06078C1244E44A100894E29 /* RecommendListViewModel.swift in Sources */,
				A06D84AC24483951007DD1AB /* MovieCell.swift in Sources */,
				A06D845F24483665007DD1AB /* ViewController.swift in Sources */,
				A06D84B124484D1C007DD1AB /* ImdbService.swift in Sources */,
				A0866649244B638B00D47629 /* MovieDetailViewController.swift in Sources */,
				A06D845B24483665007DD1AB /* AppDelegate.swift in Sources */,
				A06D84C12448759A007DD1AB /* RxOperationExtensions.swift in Sources */,
				A06D84BB24486C20007DD1AB /* MovieCollectionListView.swift in Sources */,
				A0866650244B660600D47629 /* CastListViewModel.swift in Sources */,
				A06D849F244836CD007DD1AB /* Navigator.swift in Sources */,
				A06D8499244836CD007DD1AB /* BaseTableViewController.swift in Sources */,
				A06D849B244836CD007DD1AB /* CellViewModel.swift in Sources */,
				A06D849C244836CD007DD1AB /* Protocols.swift in Sources */,
				A06D84B924486178007DD1AB /* DependencyManager.swift in Sources */,
				A06D845D24483665007DD1AB /* SceneDelegate.swift in Sources */,
				A06078BC244E431B00894E29 /* MovieMasterListViewController.swift in Sources */,
				A06D849A244836CD007DD1AB /* BaseViewModel.swift in Sources */,
				A06D84A32448388A007DD1AB /* ArrayExtensions.swift in Sources */,
				A06D84AA2448390A007DD1AB /* MovieMasterListViewModel.swift in Sources */,
				A06078B4244E2A9500894E29 /* Credit.swift in Sources */,
				A06D84BD24487121007DD1AB /* UICollectionViewExtensions.swift in Sources */,
				A0866652244B663000D47629 /* CastCell.swift in Sources */,
				A06D84B4244852D7007DD1AB /* Movie.swift in Sources */,
				A06D8498244836CD007DD1AB /* BaseCarouselViewController.swift in Sources */,
				A06D8496244836CD007DD1AB /* BaseCollectionViewController.swift in Sources */,
				A06D84B624485C27007DD1AB /* CategoryCell.swift in Sources */,
				A086664E244B65FC00D47629 /* CastListViewController.swift in Sources */,
				A06078B6244E2AA400894E29 /* Model.swift in Sources */,
				A086664B244B63A600D47629 /* MovieDetailViewModel.swift in Sources */,
				A06D849D244836CD007DD1AB /* ListViewModel.swift in Sources */,
				A06078C4244EA0D200894E29 /* CommentsView.swift in Sources */,
				A06D84C32448B768007DD1AB /* Font.swift in Sources */,
				A06078C6244EA13A00894E29 /* Review.swift in Sources */,
				A06D84AF24483B36007DD1AB /* ServiceURL.swift in Sources */,
				A06078C0244E44A100894E29 /* ReccomendListViewController.swift in Sources */,
				A06D84BF244873FC007DD1AB /* ImageService.swift in Sources */,
				A06D849E244836CD007DD1AB /* BaseTabBarViewController.swift in Sources */,
			);
			runOnlyForDeploymentPostprocessing = 0;
		};
		A06D846924483667007DD1AB /* Sources */ = {
			isa = PBXSourcesBuildPhase;
			buildActionMask = 2147483647;
			files = (
				A06D847224483667007DD1AB /* karros_videoTests.swift in Sources */,
			);
			runOnlyForDeploymentPostprocessing = 0;
		};
		A06D847424483667007DD1AB /* Sources */ = {
			isa = PBXSourcesBuildPhase;
			buildActionMask = 2147483647;
			files = (
				A06D847D24483667007DD1AB /* karros_videoUITests.swift in Sources */,
			);
			runOnlyForDeploymentPostprocessing = 0;
		};
/* End PBXSourcesBuildPhase section */

/* Begin PBXTargetDependency section */
		A06D846F24483667007DD1AB /* PBXTargetDependency */ = {
			isa = PBXTargetDependency;
			target = A06D845624483665007DD1AB /* karros-video */;
			targetProxy = A06D846E24483667007DD1AB /* PBXContainerItemProxy */;
		};
		A06D847A24483667007DD1AB /* PBXTargetDependency */ = {
			isa = PBXTargetDependency;
			target = A06D845624483665007DD1AB /* karros-video */;
			targetProxy = A06D847924483667007DD1AB /* PBXContainerItemProxy */;
		};
/* End PBXTargetDependency section */

/* Begin PBXVariantGroup section */
		A06D846524483667007DD1AB /* LaunchScreen.storyboard */ = {
			isa = PBXVariantGroup;
			children = (
				A06D846624483667007DD1AB /* Base */,
			);
			name = LaunchScreen.storyboard;
			sourceTree = "<group>";
		};
/* End PBXVariantGroup section */

/* Begin XCBuildConfiguration section */
		A06D847F24483667007DD1AB /* Debug */ = {
			isa = XCBuildConfiguration;
			buildSettings = {
				ALWAYS_SEARCH_USER_PATHS = NO;
				CLANG_ANALYZER_NONNULL = YES;
				CLANG_ANALYZER_NUMBER_OBJECT_CONVERSION = YES_AGGRESSIVE;
				CLANG_CXX_LANGUAGE_STANDARD = "gnu++14";
				CLANG_CXX_LIBRARY = "libc++";
				CLANG_ENABLE_MODULES = YES;
				CLANG_ENABLE_OBJC_ARC = YES;
				CLANG_ENABLE_OBJC_WEAK = YES;
				CLANG_WARN_BLOCK_CAPTURE_AUTORELEASING = YES;
				CLANG_WARN_BOOL_CONVERSION = YES;
				CLANG_WARN_COMMA = YES;
				CLANG_WARN_CONSTANT_CONVERSION = YES;
				CLANG_WARN_DEPRECATED_OBJC_IMPLEMENTATIONS = YES;
				CLANG_WARN_DIRECT_OBJC_ISA_USAGE = YES_ERROR;
				CLANG_WARN_DOCUMENTATION_COMMENTS = YES;
				CLANG_WARN_EMPTY_BODY = YES;
				CLANG_WARN_ENUM_CONVERSION = YES;
				CLANG_WARN_INFINITE_RECURSION = YES;
				CLANG_WARN_INT_CONVERSION = YES;
				CLANG_WARN_NON_LITERAL_NULL_CONVERSION = YES;
				CLANG_WARN_OBJC_IMPLICIT_RETAIN_SELF = YES;
				CLANG_WARN_OBJC_LITERAL_CONVERSION = YES;
				CLANG_WARN_OBJC_ROOT_CLASS = YES_ERROR;
				CLANG_WARN_RANGE_LOOP_ANALYSIS = YES;
				CLANG_WARN_STRICT_PROTOTYPES = YES;
				CLANG_WARN_SUSPICIOUS_MOVE = YES;
				CLANG_WARN_UNGUARDED_AVAILABILITY = YES_AGGRESSIVE;
				CLANG_WARN_UNREACHABLE_CODE = YES;
				CLANG_WARN__DUPLICATE_METHOD_MATCH = YES;
				COPY_PHASE_STRIP = NO;
				DEBUG_INFORMATION_FORMAT = dwarf;
				ENABLE_STRICT_OBJC_MSGSEND = YES;
				ENABLE_TESTABILITY = YES;
				GCC_C_LANGUAGE_STANDARD = gnu11;
				GCC_DYNAMIC_NO_PIC = NO;
				GCC_NO_COMMON_BLOCKS = YES;
				GCC_OPTIMIZATION_LEVEL = 0;
				GCC_PREPROCESSOR_DEFINITIONS = (
					"DEBUG=1",
					"$(inherited)",
				);
				GCC_WARN_64_TO_32_BIT_CONVERSION = YES;
				GCC_WARN_ABOUT_RETURN_TYPE = YES_ERROR;
				GCC_WARN_UNDECLARED_SELECTOR = YES;
				GCC_WARN_UNINITIALIZED_AUTOS = YES_AGGRESSIVE;
				GCC_WARN_UNUSED_FUNCTION = YES;
				GCC_WARN_UNUSED_VARIABLE = YES;
				IPHONEOS_DEPLOYMENT_TARGET = 13.2;
				MTL_ENABLE_DEBUG_INFO = INCLUDE_SOURCE;
				MTL_FAST_MATH = YES;
				ONLY_ACTIVE_ARCH = YES;
				SDKROOT = iphoneos;
				SWIFT_ACTIVE_COMPILATION_CONDITIONS = DEBUG;
				SWIFT_OPTIMIZATION_LEVEL = "-Onone";
			};
			name = Debug;
		};
		A06D848024483667007DD1AB /* Release */ = {
			isa = XCBuildConfiguration;
			buildSettings = {
				ALWAYS_SEARCH_USER_PATHS = NO;
				CLANG_ANALYZER_NONNULL = YES;
				CLANG_ANALYZER_NUMBER_OBJECT_CONVERSION = YES_AGGRESSIVE;
				CLANG_CXX_LANGUAGE_STANDARD = "gnu++14";
				CLANG_CXX_LIBRARY = "libc++";
				CLANG_ENABLE_MODULES = YES;
				CLANG_ENABLE_OBJC_ARC = YES;
				CLANG_ENABLE_OBJC_WEAK = YES;
				CLANG_WARN_BLOCK_CAPTURE_AUTORELEASING = YES;
				CLANG_WARN_BOOL_CONVERSION = YES;
				CLANG_WARN_COMMA = YES;
				CLANG_WARN_CONSTANT_CONVERSION = YES;
				CLANG_WARN_DEPRECATED_OBJC_IMPLEMENTATIONS = YES;
				CLANG_WARN_DIRECT_OBJC_ISA_USAGE = YES_ERROR;
				CLANG_WARN_DOCUMENTATION_COMMENTS = YES;
				CLANG_WARN_EMPTY_BODY = YES;
				CLANG_WARN_ENUM_CONVERSION = YES;
				CLANG_WARN_INFINITE_RECURSION = YES;
				CLANG_WARN_INT_CONVERSION = YES;
				CLANG_WARN_NON_LITERAL_NULL_CONVERSION = YES;
				CLANG_WARN_OBJC_IMPLICIT_RETAIN_SELF = YES;
				CLANG_WARN_OBJC_LITERAL_CONVERSION = YES;
				CLANG_WARN_OBJC_ROOT_CLASS = YES_ERROR;
				CLANG_WARN_RANGE_LOOP_ANALYSIS = YES;
				CLANG_WARN_STRICT_PROTOTYPES = YES;
				CLANG_WARN_SUSPICIOUS_MOVE = YES;
				CLANG_WARN_UNGUARDED_AVAILABILITY = YES_AGGRESSIVE;
				CLANG_WARN_UNREACHABLE_CODE = YES;
				CLANG_WARN__DUPLICATE_METHOD_MATCH = YES;
				COPY_PHASE_STRIP = NO;
				DEBUG_INFORMATION_FORMAT = "dwarf-with-dsym";
				ENABLE_NS_ASSERTIONS = NO;
				ENABLE_STRICT_OBJC_MSGSEND = YES;
				GCC_C_LANGUAGE_STANDARD = gnu11;
				GCC_NO_COMMON_BLOCKS = YES;
				GCC_WARN_64_TO_32_BIT_CONVERSION = YES;
				GCC_WARN_ABOUT_RETURN_TYPE = YES_ERROR;
				GCC_WARN_UNDECLARED_SELECTOR = YES;
				GCC_WARN_UNINITIALIZED_AUTOS = YES_AGGRESSIVE;
				GCC_WARN_UNUSED_FUNCTION = YES;
				GCC_WARN_UNUSED_VARIABLE = YES;
				IPHONEOS_DEPLOYMENT_TARGET = 13.2;
				MTL_ENABLE_DEBUG_INFO = NO;
				MTL_FAST_MATH = YES;
				SDKROOT = iphoneos;
				SWIFT_COMPILATION_MODE = wholemodule;
				SWIFT_OPTIMIZATION_LEVEL = "-O";
				VALIDATE_PRODUCT = YES;
			};
			name = Release;
		};
		A06D848224483667007DD1AB /* Debug */ = {
			isa = XCBuildConfiguration;
			baseConfigurationReference = 5A58678A15427E8733CE9F0A /* Pods-karros-video.debug.xcconfig */;
			buildSettings = {
				ASSETCATALOG_COMPILER_APPICON_NAME = AppIcon;
				CODE_SIGN_STYLE = Automatic;
				DEVELOPMENT_TEAM = 6M7866SC6J;
				INFOPLIST_FILE = "karros-video/Info.plist";
				LD_RUNPATH_SEARCH_PATHS = (
					"$(inherited)",
					"@executable_path/Frameworks",
				);
				PRODUCT_BUNDLE_IDENTIFIER = "com.hoang.karros-video.karros-video";
				PRODUCT_NAME = "$(TARGET_NAME)";
				SWIFT_VERSION = 5.0;
				TARGETED_DEVICE_FAMILY = "1,2";
			};
			name = Debug;
		};
		A06D848324483667007DD1AB /* Release */ = {
			isa = XCBuildConfiguration;
			baseConfigurationReference = 7CD2E9D4C292A89749D65B7A /* Pods-karros-video.release.xcconfig */;
			buildSettings = {
				ASSETCATALOG_COMPILER_APPICON_NAME = AppIcon;
				CODE_SIGN_STYLE = Automatic;
				DEVELOPMENT_TEAM = 6M7866SC6J;
				INFOPLIST_FILE = "karros-video/Info.plist";
				LD_RUNPATH_SEARCH_PATHS = (
					"$(inherited)",
					"@executable_path/Frameworks",
				);
				PRODUCT_BUNDLE_IDENTIFIER = "com.hoang.karros-video.karros-video";
				PRODUCT_NAME = "$(TARGET_NAME)";
				SWIFT_VERSION = 5.0;
				TARGETED_DEVICE_FAMILY = "1,2";
			};
			name = Release;
		};
		A06D848524483667007DD1AB /* Debug */ = {
			isa = XCBuildConfiguration;
			baseConfigurationReference = E0CBBE9D7D94C77757507BCB /* Pods-karros-videoTests.debug.xcconfig */;
			buildSettings = {
				ALWAYS_EMBED_SWIFT_STANDARD_LIBRARIES = YES;
				BUNDLE_LOADER = "$(TEST_HOST)";
				CODE_SIGN_STYLE = Automatic;
				DEVELOPMENT_TEAM = 6M7866SC6J;
				INFOPLIST_FILE = "karros-videoTests/Info.plist";
				IPHONEOS_DEPLOYMENT_TARGET = 13.2;
				LD_RUNPATH_SEARCH_PATHS = (
					"$(inherited)",
					"@executable_path/Frameworks",
					"@loader_path/Frameworks",
				);
				PRODUCT_BUNDLE_IDENTIFIER = "com.hoang.karros-video.karros-videoTests";
				PRODUCT_NAME = "$(TARGET_NAME)";
				SWIFT_VERSION = 5.0;
				TARGETED_DEVICE_FAMILY = "1,2";
				TEST_HOST = "$(BUILT_PRODUCTS_DIR)/karros-video.app/karros-video";
			};
			name = Debug;
		};
		A06D848624483667007DD1AB /* Release */ = {
			isa = XCBuildConfiguration;
			baseConfigurationReference = 79A52C51C9BD7468F3B0D4A8 /* Pods-karros-videoTests.release.xcconfig */;
			buildSettings = {
				ALWAYS_EMBED_SWIFT_STANDARD_LIBRARIES = YES;
				BUNDLE_LOADER = "$(TEST_HOST)";
				CODE_SIGN_STYLE = Automatic;
				DEVELOPMENT_TEAM = 6M7866SC6J;
				INFOPLIST_FILE = "karros-videoTests/Info.plist";
				IPHONEOS_DEPLOYMENT_TARGET = 13.2;
				LD_RUNPATH_SEARCH_PATHS = (
					"$(inherited)",
					"@executable_path/Frameworks",
					"@loader_path/Frameworks",
				);
				PRODUCT_BUNDLE_IDENTIFIER = "com.hoang.karros-video.karros-videoTests";
				PRODUCT_NAME = "$(TARGET_NAME)";
				SWIFT_VERSION = 5.0;
				TARGETED_DEVICE_FAMILY = "1,2";
				TEST_HOST = "$(BUILT_PRODUCTS_DIR)/karros-video.app/karros-video";
			};
			name = Release;
		};
		A06D848824483667007DD1AB /* Debug */ = {
			isa = XCBuildConfiguration;
			baseConfigurationReference = D42380FE642CEC4A200F3BEB /* Pods-karros-video-karros-videoUITests.debug.xcconfig */;
			buildSettings = {
				ALWAYS_EMBED_SWIFT_STANDARD_LIBRARIES = YES;
				CODE_SIGN_STYLE = Automatic;
				DEVELOPMENT_TEAM = 6M7866SC6J;
				INFOPLIST_FILE = "karros-videoUITests/Info.plist";
				LD_RUNPATH_SEARCH_PATHS = (
					"$(inherited)",
					"@executable_path/Frameworks",
					"@loader_path/Frameworks",
				);
				PRODUCT_BUNDLE_IDENTIFIER = "com.hoang.karros-video.karros-videoUITests";
				PRODUCT_NAME = "$(TARGET_NAME)";
				SWIFT_VERSION = 5.0;
				TARGETED_DEVICE_FAMILY = "1,2";
				TEST_TARGET_NAME = "karros-video";
			};
			name = Debug;
		};
		A06D848924483667007DD1AB /* Release */ = {
			isa = XCBuildConfiguration;
			baseConfigurationReference = 563D73315AAF7EC8B6254ABB /* Pods-karros-video-karros-videoUITests.release.xcconfig */;
			buildSettings = {
				ALWAYS_EMBED_SWIFT_STANDARD_LIBRARIES = YES;
				CODE_SIGN_STYLE = Automatic;
				DEVELOPMENT_TEAM = 6M7866SC6J;
				INFOPLIST_FILE = "karros-videoUITests/Info.plist";
				LD_RUNPATH_SEARCH_PATHS = (
					"$(inherited)",
					"@executable_path/Frameworks",
					"@loader_path/Frameworks",
				);
				PRODUCT_BUNDLE_IDENTIFIER = "com.hoang.karros-video.karros-videoUITests";
				PRODUCT_NAME = "$(TARGET_NAME)";
				SWIFT_VERSION = 5.0;
				TARGETED_DEVICE_FAMILY = "1,2";
				TEST_TARGET_NAME = "karros-video";
			};
			name = Release;
		};
/* End XCBuildConfiguration section */

/* Begin XCConfigurationList section */
		A06D845224483665007DD1AB /* Build configuration list for PBXProject "karros-video" */ = {
			isa = XCConfigurationList;
			buildConfigurations = (
				A06D847F24483667007DD1AB /* Debug */,
				A06D848024483667007DD1AB /* Release */,
			);
			defaultConfigurationIsVisible = 0;
			defaultConfigurationName = Release;
		};
		A06D848124483667007DD1AB /* Build configuration list for PBXNativeTarget "karros-video" */ = {
			isa = XCConfigurationList;
			buildConfigurations = (
				A06D848224483667007DD1AB /* Debug */,
				A06D848324483667007DD1AB /* Release */,
			);
			defaultConfigurationIsVisible = 0;
			defaultConfigurationName = Release;
		};
		A06D848424483667007DD1AB /* Build configuration list for PBXNativeTarget "karros-videoTests" */ = {
			isa = XCConfigurationList;
			buildConfigurations = (
				A06D848524483667007DD1AB /* Debug */,
				A06D848624483667007DD1AB /* Release */,
			);
			defaultConfigurationIsVisible = 0;
			defaultConfigurationName = Release;
		};
		A06D848724483667007DD1AB /* Build configuration list for PBXNativeTarget "karros-videoUITests" */ = {
			isa = XCConfigurationList;
			buildConfigurations = (
				A06D848824483667007DD1AB /* Debug */,
				A06D848924483667007DD1AB /* Release */,
			);
			defaultConfigurationIsVisible = 0;
			defaultConfigurationName = Release;
		};
/* End XCConfigurationList section */
	};
	rootObject = A06D844F24483665007DD1AB /* Project object */;
}
